
Microsoft Visual Studio Solution File, Format Version 12.00
# Visual Studio Version 17
VisualStudioVersion = 17.12.35209.166
MinimumVisualStudioVersion = 10.0.40219.1
Project("{FAE04EC0-301F-11D3-BF4B-00C04F79EFBC}") = "SymbolicLinkGenerator", "SymbolicLinkGenerator\SymbolicLinkGenerator.csproj", "{3E818568-37DC-400A-8B99-B9D272F6684C}"
EndProject
Project("{FAE04EC0-301F-11D3-BF4B-00C04F79EFBC}") = "SymbolicLinkGeneratorCore", "SymbolicLinkGeneratorCore\SymbolicLinkGeneratorCore.csproj", "{69CF894B-95FE-4AAA-9AE9-DB9D69DBFB72}"
EndProject
Project("{D954291E-2A0B-460D-934E-DC6B0785DB48}") = "SymbolicLinkGenerator.Shared", "SymbolicLinkGenerator.Shared\SymbolicLinkGenerator.Shared.shproj", "{1A882085-0890-4F97-BB7C-AC0BC14EBCE1}"
EndProject
Project("{FAE04EC0-301F-11D3-BF4B-00C04F79EFBC}") = "FtpPlayer", "FtpPlayer\FtpPlayer.csproj", "{D058E38B-1AA3-4664-808F-AC49A2A861E0}"
EndProject
Project("{FAE04EC0-301F-11D3-BF4B-00C04F79EFBC}") = "NotificationUI", "NotificationUI\NotificationUI.csproj", "{98CE839B-B674-4116-8626-6F7D3825F900}"
EndProject
Global
	GlobalSection(SolutionConfigurationPlatforms) = preSolution
		Debug|Any CPU = Debug|Any CPU
		Release|Any CPU = Release|Any CPU
	EndGlobalSection
	GlobalSection(ProjectConfigurationPlatforms) = postSolution
		{3E818568-37DC-400A-8B99-B9D272F6684C}.Debug|Any CPU.ActiveCfg = Debug|Any CPU
		{3E818568-37DC-400A-8B99-B9D272F6684C}.Debug|Any CPU.Build.0 = Debug|Any CPU
		{3E818568-37DC-400A-8B99-B9D272F6684C}.Release|Any CPU.ActiveCfg = Release|Any CPU
		{3E818568-37DC-400A-8B99-B9D272F6684C}.Release|Any CPU.Build.0 = Release|Any CPU
		{69CF894B-95FE-4AAA-9AE9-DB9D69DBFB72}.Debug|Any CPU.ActiveCfg = Debug|Any CPU
		{69CF894B-95FE-4AAA-9AE9-DB9D69DBFB72}.Debug|Any CPU.Build.0 = Debug|Any CPU
		{69CF894B-95FE-4AAA-9AE9-DB9D69DBFB72}.Release|Any CPU.ActiveCfg = Release|Any CPU
		{69CF894B-95FE-4AAA-9AE9-DB9D69DBFB72}.Release|Any CPU.Build.0 = Release|Any CPU
		{D058E38B-1AA3-4664-808F-AC49A2A861E0}.Debug|Any CPU.ActiveCfg = Debug|Any CPU
		{D058E38B-1AA3-4664-808F-AC49A2A861E0}.Debug|Any CPU.Build.0 = Debug|Any CPU
		{D058E38B-1AA3-4664-808F-AC49A2A861E0}.Release|Any CPU.ActiveCfg = Release|Any CPU
		{D058E38B-1AA3-4664-808F-AC49A2A861E0}.Release|Any CPU.Build.0 = Release|Any CPU
		{98CE839B-B674-4116-8626-6F7D3825F900}.Debug|Any CPU.ActiveCfg = Debug|Any CPU
		{98CE839B-B674-4116-8626-6F7D3825F900}.Debug|Any CPU.Build.0 = Debug|Any CPU
		{98CE839B-B674-4116-8626-6F7D3825F900}.Release|Any CPU.ActiveCfg = Release|Any CPU
		{98CE839B-B674-4116-8626-6F7D3825F900}.Release|Any CPU.Build.0 = Release|Any CPU
	EndGlobalSection
	GlobalSection(SolutionProperties) = preSolution
		HideSolutionNode = FALSE
	EndGlobalSection
	GlobalSection(ExtensibilityGlobals) = postSolution
		SolutionGuid = {9D06E5F0-CCAD-4C9E-8024-A4D8FD130D06}
	EndGlobalSection
	GlobalSection(SharedMSBuildProjectFiles) = preSolution
		SymbolicLinkGenerator.Shared\SymbolicLinkGenerator.Shared.projitems*{1a882085-0890-4f97-bb7c-ac0bc14ebce1}*SharedItemsImports = 13
		SymbolicLinkGenerator.Shared\SymbolicLinkGenerator.Shared.projitems*{3e818568-37dc-400a-8b99-b9d272f6684c}*SharedItemsImports = 4
		SymbolicLinkGenerator.Shared\SymbolicLinkGenerator.Shared.projitems*{69cf894b-95fe-4aaa-9ae9-db9d69dbfb72}*SharedItemsImports = 4
	EndGlobalSection
EndGlobal
